
Microsoft Visual Studio Solution File, Format Version 12.00
# Visual Studio Version 17
VisualStudioVersion = 17.1.32319.34
MinimumVisualStudioVersion = 10.0.40219.1
Project("{2150E333-8FDC-42A3-9474-1A3956D46DE8}") = "Internal", "Internal", "{1E0A6EF0-E7C6-4FF3-ACE7-98E48375C20E}"
EndProject
Project("{2150E333-8FDC-42A3-9474-1A3956D46DE8}") = "QActions", "QActions", "{76F2B4D2-CFD0-46E3-92D8-12E1BEC82AFB}"
EndProject
Project("{2150E333-8FDC-42A3-9474-1A3956D46DE8}") = "Dlls", "Dlls", "{C9D99A14-B46D-46E0-90C7-BD7F9488BFCB}"
	ProjectSection(SolutionItems) = preProject
		Dlls\readme.txt = Dlls\readme.txt
	EndProjectSection
EndProject
Project("{2150E333-8FDC-42A3-9474-1A3956D46DE8}") = "Documentation", "Documentation", "{7D255A78-2222-40C1-90FA-53736E244349}"
	ProjectSection(SolutionItems) = preProject
		Documentation\readme.txt = Documentation\readme.txt
	EndProjectSection
EndProject
Project("{2150E333-8FDC-42A3-9474-1A3956D46DE8}") = "Solution Items", "Solution Items", "{B7E5A7DA-ED14-4AAA-BFA6-31D3E25B227C}"
	ProjectSection(SolutionItems) = preProject
		protocol.xml = protocol.xml
	EndProjectSection
EndProject
Project("{2150E333-8FDC-42A3-9474-1A3956D46DE8}") = "Code Analysis", "Code Analysis", "{368DDB09-4EA8-466B-BBBC-E9766D223AF7}"
	ProjectSection(SolutionItems) = preProject
		Internal\Code Analysis\qaction-debug.ruleset = Internal\Code Analysis\qaction-debug.ruleset
		Internal\Code Analysis\qaction-release.ruleset = Internal\Code Analysis\qaction-release.ruleset
	EndProjectSection
EndProject
Project("{FAE04EC0-301F-11D3-BF4B-00C04F79EFBC}") = "QAction_Helper", "QAction_Helper\QAction_Helper.csproj", "{21A8ADD0-3039-4DE7-92ED-E9BA03A45677}"
EndProject
Project("{FAE04EC0-301F-11D3-BF4B-00C04F79EFBC}") = "QAction_ClassLibrary", "QAction_ClassLibrary\QAction_ClassLibrary.csproj", "{ECB9AACA-554D-480C-8F3F-F5E7D6559EAE}"
EndProject
Project("{FAE04EC0-301F-11D3-BF4B-00C04F79EFBC}") = "QAction_1", "QAction_1\QAction_1.csproj", "{59CBE1AD-B3C2-451A-8F28-0505C108E3F7}"
EndProject
Project("{FAE04EC0-301F-11D3-BF4B-00C04F79EFBC}") = "QAction_2", "QAction_2\QAction_2.csproj", "{C9E0CF13-113F-47F6-8A34-026239D6EDB7}"
EndProject
Project("{FAE04EC0-301F-11D3-BF4B-00C04F79EFBC}") = "QAction_60", "QAction_60\QAction_60.csproj", "{DFD1FC6A-99DE-47C0-9110-5C6B14E58778}"
EndProject
Project("{FAE04EC0-301F-11D3-BF4B-00C04F79EFBC}") = "QAction_54", "QAction_54\QAction_54.csproj", "{545A49AE-CA58-432A-A06E-E44063D7384E}"
EndProject
Project("{FAE04EC0-301F-11D3-BF4B-00C04F79EFBC}") = "QAction_57", "QAction_57\QAction_57.csproj", "{075791F1-058D-4D49-94FF-6082FD27142D}"
EndProject
Project("{FAE04EC0-301F-11D3-BF4B-00C04F79EFBC}") = "QAction_58", "QAction_58\QAction_58.csproj", "{DA58B43A-4F7F-4890-9E36-6D1669E356CE}"
EndProject
Project("{FAE04EC0-301F-11D3-BF4B-00C04F79EFBC}") = "QAction_42", "QAction_42\QAction_42.csproj", "{1408013F-CDFD-4090-828F-C758C43ABBA9}"
EndProject
Project("{FAE04EC0-301F-11D3-BF4B-00C04F79EFBC}") = "QAction_62", "QAction_62\QAction_62.csproj", "{54663279-EB51-4EDA-AB42-8920941ECB55}"
EndProject
Project("{FAE04EC0-301F-11D3-BF4B-00C04F79EFBC}") = "QAction_2071", "QAction_2071\QAction_2071.csproj", "{96E3D348-CFB2-4D1A-8A8C-F67D92806291}"
EndProject
Project("{FAE04EC0-301F-11D3-BF4B-00C04F79EFBC}") = "QAction_3000", "QAction_3000\QAction_3000.csproj", "{E5869E13-6BF9-4BC3-B96A-237FA6873453}"
EndProject
Project("{FAE04EC0-301F-11D3-BF4B-00C04F79EFBC}") = "QAction_59", "QAction_59\QAction_59.csproj", "{ACA97726-E656-4E66-A034-A9CEB29CBE70}"
EndProject
Project("{FAE04EC0-301F-11D3-BF4B-00C04F79EFBC}") = "QAction_5", "QAction_5\QAction_5.csproj", "{59F8D5A4-C580-4B1A-9F0D-4D42CE560B13}"
EndProject
Global
	GlobalSection(SolutionConfigurationPlatforms) = preSolution
		Debug|Any CPU = Debug|Any CPU
		Release|Any CPU = Release|Any CPU
	EndGlobalSection
	GlobalSection(ProjectConfigurationPlatforms) = postSolution
		{21A8ADD0-3039-4DE7-92ED-E9BA03A45677}.Debug|Any CPU.ActiveCfg = Debug|Any CPU
		{21A8ADD0-3039-4DE7-92ED-E9BA03A45677}.Debug|Any CPU.Build.0 = Debug|Any CPU
		{21A8ADD0-3039-4DE7-92ED-E9BA03A45677}.Release|Any CPU.ActiveCfg = Release|Any CPU
		{21A8ADD0-3039-4DE7-92ED-E9BA03A45677}.Release|Any CPU.Build.0 = Release|Any CPU
		{ECB9AACA-554D-480C-8F3F-F5E7D6559EAE}.Debug|Any CPU.ActiveCfg = Debug|Any CPU
		{ECB9AACA-554D-480C-8F3F-F5E7D6559EAE}.Debug|Any CPU.Build.0 = Debug|Any CPU
		{ECB9AACA-554D-480C-8F3F-F5E7D6559EAE}.Release|Any CPU.ActiveCfg = Release|Any CPU
		{ECB9AACA-554D-480C-8F3F-F5E7D6559EAE}.Release|Any CPU.Build.0 = Release|Any CPU
		{59CBE1AD-B3C2-451A-8F28-0505C108E3F7}.Debug|Any CPU.ActiveCfg = Debug|Any CPU
		{59CBE1AD-B3C2-451A-8F28-0505C108E3F7}.Debug|Any CPU.Build.0 = Debug|Any CPU
		{59CBE1AD-B3C2-451A-8F28-0505C108E3F7}.Release|Any CPU.ActiveCfg = Release|Any CPU
		{59CBE1AD-B3C2-451A-8F28-0505C108E3F7}.Release|Any CPU.Build.0 = Release|Any CPU
		{C9E0CF13-113F-47F6-8A34-026239D6EDB7}.Debug|Any CPU.ActiveCfg = Debug|Any CPU
		{C9E0CF13-113F-47F6-8A34-026239D6EDB7}.Debug|Any CPU.Build.0 = Debug|Any CPU
		{C9E0CF13-113F-47F6-8A34-026239D6EDB7}.Release|Any CPU.ActiveCfg = Release|Any CPU
		{C9E0CF13-113F-47F6-8A34-026239D6EDB7}.Release|Any CPU.Build.0 = Release|Any CPU
		{DFD1FC6A-99DE-47C0-9110-5C6B14E58778}.Debug|Any CPU.ActiveCfg = Debug|Any CPU
		{DFD1FC6A-99DE-47C0-9110-5C6B14E58778}.Debug|Any CPU.Build.0 = Debug|Any CPU
		{DFD1FC6A-99DE-47C0-9110-5C6B14E58778}.Release|Any CPU.ActiveCfg = Release|Any CPU
		{DFD1FC6A-99DE-47C0-9110-5C6B14E58778}.Release|Any CPU.Build.0 = Release|Any CPU
		{545A49AE-CA58-432A-A06E-E44063D7384E}.Debug|Any CPU.ActiveCfg = Debug|Any CPU
		{545A49AE-CA58-432A-A06E-E44063D7384E}.Debug|Any CPU.Build.0 = Debug|Any CPU
		{545A49AE-CA58-432A-A06E-E44063D7384E}.Release|Any CPU.ActiveCfg = Release|Any CPU
		{545A49AE-CA58-432A-A06E-E44063D7384E}.Release|Any CPU.Build.0 = Release|Any CPU
		{075791F1-058D-4D49-94FF-6082FD27142D}.Debug|Any CPU.ActiveCfg = Debug|Any CPU
		{075791F1-058D-4D49-94FF-6082FD27142D}.Debug|Any CPU.Build.0 = Debug|Any CPU
		{075791F1-058D-4D49-94FF-6082FD27142D}.Release|Any CPU.ActiveCfg = Release|Any CPU
		{075791F1-058D-4D49-94FF-6082FD27142D}.Release|Any CPU.Build.0 = Release|Any CPU
		{DA58B43A-4F7F-4890-9E36-6D1669E356CE}.Debug|Any CPU.ActiveCfg = Debug|Any CPU
		{DA58B43A-4F7F-4890-9E36-6D1669E356CE}.Debug|Any CPU.Build.0 = Debug|Any CPU
		{DA58B43A-4F7F-4890-9E36-6D1669E356CE}.Release|Any CPU.ActiveCfg = Release|Any CPU
		{DA58B43A-4F7F-4890-9E36-6D1669E356CE}.Release|Any CPU.Build.0 = Release|Any CPU
		{1408013F-CDFD-4090-828F-C758C43ABBA9}.Debug|Any CPU.ActiveCfg = Debug|Any CPU
		{1408013F-CDFD-4090-828F-C758C43ABBA9}.Debug|Any CPU.Build.0 = Debug|Any CPU
		{1408013F-CDFD-4090-828F-C758C43ABBA9}.Release|Any CPU.ActiveCfg = Release|Any CPU
		{1408013F-CDFD-4090-828F-C758C43ABBA9}.Release|Any CPU.Build.0 = Release|Any CPU
		{54663279-EB51-4EDA-AB42-8920941ECB55}.Debug|Any CPU.ActiveCfg = Debug|Any CPU
		{54663279-EB51-4EDA-AB42-8920941ECB55}.Debug|Any CPU.Build.0 = Debug|Any CPU
		{54663279-EB51-4EDA-AB42-8920941ECB55}.Release|Any CPU.ActiveCfg = Release|Any CPU
		{54663279-EB51-4EDA-AB42-8920941ECB55}.Release|Any CPU.Build.0 = Release|Any CPU
		{96E3D348-CFB2-4D1A-8A8C-F67D92806291}.Debug|Any CPU.ActiveCfg = Debug|Any CPU
		{96E3D348-CFB2-4D1A-8A8C-F67D92806291}.Debug|Any CPU.Build.0 = Debug|Any CPU
		{96E3D348-CFB2-4D1A-8A8C-F67D92806291}.Release|Any CPU.ActiveCfg = Release|Any CPU
		{96E3D348-CFB2-4D1A-8A8C-F67D92806291}.Release|Any CPU.Build.0 = Release|Any CPU
		{E5869E13-6BF9-4BC3-B96A-237FA6873453}.Debug|Any CPU.ActiveCfg = Debug|Any CPU
		{E5869E13-6BF9-4BC3-B96A-237FA6873453}.Debug|Any CPU.Build.0 = Debug|Any CPU
		{E5869E13-6BF9-4BC3-B96A-237FA6873453}.Release|Any CPU.ActiveCfg = Release|Any CPU
		{E5869E13-6BF9-4BC3-B96A-237FA6873453}.Release|Any CPU.Build.0 = Release|Any CPU
		{ACA97726-E656-4E66-A034-A9CEB29CBE70}.Debug|Any CPU.ActiveCfg = Debug|Any CPU
		{ACA97726-E656-4E66-A034-A9CEB29CBE70}.Debug|Any CPU.Build.0 = Debug|Any CPU
		{ACA97726-E656-4E66-A034-A9CEB29CBE70}.Release|Any CPU.ActiveCfg = Release|Any CPU
		{ACA97726-E656-4E66-A034-A9CEB29CBE70}.Release|Any CPU.Build.0 = Release|Any CPU
		{59F8D5A4-C580-4B1A-9F0D-4D42CE560B13}.Debug|Any CPU.ActiveCfg = Debug|Any CPU
		{59F8D5A4-C580-4B1A-9F0D-4D42CE560B13}.Debug|Any CPU.Build.0 = Debug|Any CPU
		{59F8D5A4-C580-4B1A-9F0D-4D42CE560B13}.Release|Any CPU.ActiveCfg = Release|Any CPU
		{59F8D5A4-C580-4B1A-9F0D-4D42CE560B13}.Release|Any CPU.Build.0 = Release|Any CPU
	EndGlobalSection
	GlobalSection(SolutionProperties) = preSolution
		HideSolutionNode = FALSE
	EndGlobalSection
	GlobalSection(NestedProjects) = preSolution
		{368DDB09-4EA8-466B-BBBC-E9766D223AF7} = {1E0A6EF0-E7C6-4FF3-ACE7-98E48375C20E}
		{21A8ADD0-3039-4DE7-92ED-E9BA03A45677} = {1E0A6EF0-E7C6-4FF3-ACE7-98E48375C20E}
		{ECB9AACA-554D-480C-8F3F-F5E7D6559EAE} = {1E0A6EF0-E7C6-4FF3-ACE7-98E48375C20E}
		{59CBE1AD-B3C2-451A-8F28-0505C108E3F7} = {76F2B4D2-CFD0-46E3-92D8-12E1BEC82AFB}
		{C9E0CF13-113F-47F6-8A34-026239D6EDB7} = {76F2B4D2-CFD0-46E3-92D8-12E1BEC82AFB}
		{DFD1FC6A-99DE-47C0-9110-5C6B14E58778} = {76F2B4D2-CFD0-46E3-92D8-12E1BEC82AFB}
		{545A49AE-CA58-432A-A06E-E44063D7384E} = {76F2B4D2-CFD0-46E3-92D8-12E1BEC82AFB}
		{075791F1-058D-4D49-94FF-6082FD27142D} = {76F2B4D2-CFD0-46E3-92D8-12E1BEC82AFB}
		{DA58B43A-4F7F-4890-9E36-6D1669E356CE} = {76F2B4D2-CFD0-46E3-92D8-12E1BEC82AFB}
		{1408013F-CDFD-4090-828F-C758C43ABBA9} = {76F2B4D2-CFD0-46E3-92D8-12E1BEC82AFB}
		{54663279-EB51-4EDA-AB42-8920941ECB55} = {76F2B4D2-CFD0-46E3-92D8-12E1BEC82AFB}
		{96E3D348-CFB2-4D1A-8A8C-F67D92806291} = {76F2B4D2-CFD0-46E3-92D8-12E1BEC82AFB}
		{E5869E13-6BF9-4BC3-B96A-237FA6873453} = {76F2B4D2-CFD0-46E3-92D8-12E1BEC82AFB}
		{ACA97726-E656-4E66-A034-A9CEB29CBE70} = {76F2B4D2-CFD0-46E3-92D8-12E1BEC82AFB}
		{59F8D5A4-C580-4B1A-9F0D-4D42CE560B13} = {76F2B4D2-CFD0-46E3-92D8-12E1BEC82AFB}
	EndGlobalSection
	GlobalSection(ExtensibilityGlobals) = postSolution
		SolutionGuid = {854A15DC-6695-4ACD-8FE5-F1287B4D0757}
	EndGlobalSection
EndGlobal
